// !$*UTF8*$!
{
	archiveVersion = 1;
	classes = {
	};
	objectVersion = 46;
	objects = {

/* Begin PBXBuildFile section */
		69BE8DD41CEA793600EDC44D /* AppDelegate.swift in Sources */ = {isa = PBXBuildFile; fileRef = 69BE8DD31CEA793600EDC44D /* AppDelegate.swift */; };
		69BE8DD61CEA793600EDC44D /* ViewController.swift in Sources */ = {isa = PBXBuildFile; fileRef = 69BE8DD51CEA793600EDC44D /* ViewController.swift */; };
		69BE8DD91CEA793600EDC44D /* Main.storyboard in Resources */ = {isa = PBXBuildFile; fileRef = 69BE8DD71CEA793600EDC44D /* Main.storyboard */; };
		69BE8DDB1CEA793600EDC44D /* Assets.xcassets in Resources */ = {isa = PBXBuildFile; fileRef = 69BE8DDA1CEA793600EDC44D /* Assets.xcassets */; };
		69BE8DDE1CEA793600EDC44D /* LaunchScreen.storyboard in Resources */ = {isa = PBXBuildFile; fileRef = 69BE8DDC1CEA793600EDC44D /* LaunchScreen.storyboard */; };
/* End PBXBuildFile section */

/* Begin PBXFileReference section */
		69BE8DD01CEA793600EDC44D /* Musica.app */ = {isa = PBXFileReference; explicitFileType = wrapper.application; includeInIndex = 0; path = Musica.app; sourceTree = BUILT_PRODUCTS_DIR; };
		69BE8DD31CEA793600EDC44D /* AppDelegate.swift */ = {isa = PBXFileReference; lastKnownFileType = sourcecode.swift; path = AppDelegate.swift; sourceTree = "<group>"; };
		69BE8DD51CEA793600EDC44D /* ViewController.swift */ = {isa = PBXFileReference; lastKnownFileType = sourcecode.swift; path = ViewController.swift; sourceTree = "<group>"; };
		69BE8DD81CEA793600EDC44D /* Base */ = {isa = PBXFileReference; lastKnownFileType = file.storyboard; name = Base; path = Base.lproj/Main.storyboard; sourceTree = "<group>"; };
		69BE8DDA1CEA793600EDC44D /* Assets.xcassets */ = {isa = PBXFileReference; lastKnownFileType = folder.assetcatalog; path = Assets.xcassets; sourceTree = "<group>"; };
		69BE8DDD1CEA793600EDC44D /* Base */ = {isa = PBXFileReference; lastKnownFileType = file.storyboard; name = Base; path = Base.lproj/LaunchScreen.storyboard; sourceTree = "<group>"; };
		69BE8DDF1CEA793600EDC44D /* Info.plist */ = {isa = PBXFileReference; lastKnownFileType = text.plist.xml; path = Info.plist; sourceTree = "<group>"; };
/* End PBXFileReference section */

/* Begin PBXFrameworksBuildPhase section */
		69BE8DCD1CEA793600EDC44D /* Frameworks */ = {
			isa = PBXFrameworksBuildPhase;
			buildActionMask = 2147483647;
			files = (
			);
			runOnlyForDeploymentPostprocessing = 0;
		};
/* End PBXFrameworksBuildPhase section */

/* Begin PBXGroup section */
		69BE8DC71CEA793600EDC44D = {
			isa = PBXGroup;
			children = (
				69BE8DD21CEA793600EDC44D /* Musica */,
				69BE8DD11CEA793600EDC44D /* Products */,
			);
			sourceTree = "<group>";
		};
		69BE8DD11CEA793600EDC44D /* Products */ = {
			isa = PBXGroup;
			children = (
				69BE8DD01CEA793600EDC44D /* Musica.app */,
			);
			name = Products;
			sourceTree = "<group>";
		};
		69BE8DD21CEA793600EDC44D /* Musica */ = {
			isa = PBXGroup;
			children = (
				69BE8DD31CEA793600EDC44D /* AppDelegate.swift */,
				69BE8DD51CEA793600EDC44D /* ViewController.swift */,
				69BE8DD71CEA793600EDC44D /* Main.storyboard */,
				69BE8DDA1CEA793600EDC44D /* Assets.xcassets */,
				69BE8DDC1CEA793600EDC44D /* LaunchScreen.storyboard */,
				69BE8DDF1CEA793600EDC44D /* Info.plist */,
			);
			path = Musica;
			sourceTree = "<group>";
		};
/* End PBXGroup section */

/* Begin PBXNativeTarget section */
		69BE8DCF1CEA793600EDC44D /* Musica */ = {
			isa = PBXNativeTarget;
			buildConfigurationList = 69BE8DE21CEA793600EDC44D /* Build configuration list for PBXNativeTarget "Musica" */;
			buildPhases = (
				69BE8DCC1CEA793600EDC44D /* Sources */,
				69BE8DCD1CEA793600EDC44D /* Frameworks */,
				69BE8DCE1CEA793600EDC44D /* Resources */,
			);
			buildRules = (
			);
			dependencies = (
			);
			name = Musica;
			productName = Musica;
			productReference = 69BE8DD01CEA793600EDC44D /* Musica.app */;
			productType = "com.apple.product-type.application";
		};
/* End PBXNativeTarget section */

/* Begin PBXProject section */
		69BE8DC81CEA793600EDC44D /* Project object */ = {
			isa = PBXProject;
			attributes = {
				LastSwiftUpdateCheck = 0730;
				LastUpgradeCheck = 0730;
				ORGANIZATIONNAME = "Juan Jose Renteria";
				TargetAttributes = {
					69BE8DCF1CEA793600EDC44D = {
						CreatedOnToolsVersion = 7.3.1;
					};
				};
			};
			buildConfigurationList = 69BE8DCB1CEA793600EDC44D /* Build configuration list for PBXProject "Musica" */;
			compatibilityVersion = "Xcode 3.2";
			developmentRegion = English;
			hasScannedForEncodings = 0;
			knownRegions = (
				en,
				Base,
			);
			mainGroup = 69BE8DC71CEA793600EDC44D;
			productRefGroup = 69BE8DD11CEA793600EDC44D /* Products */;
			projectDirPath = "";
			projectRoot = "";
			targets = (
				69BE8DCF1CEA793600EDC44D /* Musica */,
			);
		};
/* End PBXProject section */

/* Begin PBXResourcesBuildPhase section */
		69BE8DCE1CEA793600EDC44D /* Resources */ = {
			isa = PBXResourcesBuildPhase;
			buildActionMask = 2147483647;
			files = (
				69BE8DDE1CEA793600EDC44D /* LaunchScreen.storyboard in Resources */,
				69BE8DDB1CEA793600EDC44D /* Assets.xcassets in Resources */,
				69BE8DD91CEA793600EDC44D /* Main.storyboard in Resources */,
			);
			runOnlyForDeploymentPostprocessing = 0;
		};
/* End PBXResourcesBuildPhase section */

/* Begin PBXSourcesBuildPhase section */
		69BE8DCC1CEA793600EDC44D /* Sources */ = {
			isa = PBXSourcesBuildPhase;
			buildActionMask = 2147483647;
			files = (
				69BE8DD61CEA793600EDC44D /* ViewController.swift in Sources */,
				69BE8DD41CEA793600EDC44D /* AppDelegate.swift in Sources */,
			);
			runOnlyForDeploymentPostprocessing = 0;
		};
/* End PBXSourcesBuildPhase section */

/* Begin PBXVariantGroup section */
		69BE8DD71CEA793600EDC44D /* Main.storyboard */ = {
			isa = PBXVariantGroup;
			children = (
				69BE8DD81CEA793600EDC44D /* Base */,
			);
			name = Main.storyboard;
			sourceTree = "<group>";
		};
		69BE8DDC1CEA793600EDC44D /* LaunchScreen.storyboard */ = {
			isa = PBXVariantGroup;
			children = (
				69BE8DDD1CEA793600EDC44D /* Base */,
			);
			name = LaunchScreen.storyboard;
			sourceTree = "<group>";
		};
/* End PBXVariantGroup section */

/* Begin XCBuildConfiguration section */
		69BE8DE01CEA793600EDC44D /* Debug */ = {
			isa = XCBuildConfiguration;
			buildSettings = {
				ALWAYS_SEARCH_USER_PATHS = NO;
				CLANG_ANALYZER_NONNULL = YES;
				CLANG_CXX_LANGUAGE_STANDARD = "gnu++0x";
				CLANG_CXX_LIBRARY = "libc++";
				CLANG_ENABLE_MODULES = YES;
				CLANG_ENABLE_OBJC_ARC = YES;
				CLANG_WARN_BOOL_CONVERSION = YES;
				CLANG_WARN_CONSTANT_CONVERSION = YES;
				CLANG_WARN_DIRECT_OBJC_ISA_USAGE = YES_ERROR;
				CLANG_WARN_EMPTY_BODY = YES;
				CLANG_WARN_ENUM_CONVERSION = YES;
				CLANG_WARN_INT_CONVERSION = YES;
				CLANG_WARN_OBJC_ROOT_CLASS = YES_ERROR;
				CLANG_WARN_UNREACHABLE_CODE = YES;
				CLANG_WARN__DUPLICATE_METHOD_MATCH = YES;
				"CODE_SIGN_IDENTITY[sdk=iphoneos*]" = "iPhone Developer";
				COPY_PHASE_STRIP = NO;
				DEBUG_INFORMATION_FORMAT = dwarf;
				ENABLE_STRICT_OBJC_MSGSEND = YES;
				ENABLE_TESTABILITY = YES;
				GCC_C_LANGUAGE_STANDARD = gnu99;
				GCC_DYNAMIC_NO_PIC = NO;
				GCC_NO_COMMON_BLOCKS = YES;
				GCC_OPTIMIZATION_LEVEL = 0;
				GCC_PREPROCESSOR_DEFINITIONS = (
					"DEBUG=1",
					"$(inherited)",
				);
				GCC_WARN_64_TO_32_BIT_CONVERSION = YES;
				GCC_WARN_ABOUT_RETURN_TYPE = YES_ERROR;
				GCC_WARN_UNDECLARED_SELECTOR = YES;
				GCC_WARN_UNINITIALIZED_AUTOS = YES_AGGRESSIVE;
				GCC_WARN_UNUSED_FUNCTION = YES;
				GCC_WARN_UNUSED_VARIABLE = YES;
				IPHONEOS_DEPLOYMENT_TARGET = 9.3;
				MTL_ENABLE_DEBUG_INFO = YES;
				ONLY_ACTIVE_ARCH = YES;
				SDKROOT = iphoneos;
				SWIFT_OPTIMIZATION_LEVEL = "-Onone";
			};
			name = Debug;
		};
		69BE8DE11CEA793600EDC44D /* Release */ = {
			isa = XCBuildConfiguration;
			buildSettings = {
				ALWAYS_SEARCH_USER_PATHS = NO;
				CLANG_ANALYZER_NONNULL = YES;
				CLANG_CXX_LANGUAGE_STANDARD = "gnu++0x";
				CLANG_CXX_LIBRARY = "libc++";
				CLANG_ENABLE_MODULES = YES;
				CLANG_ENABLE_OBJC_ARC = YES;
				CLANG_WARN_BOOL_CONVERSION = YES;
				CLANG_WARN_CONSTANT_CONVERSION = YES;
				CLANG_WARN_DIRECT_OBJC_ISA_USAGE = YES_ERROR;
				CLANG_WARN_EMPTY_BODY = YES;
				CLANG_WARN_ENUM_CONVERSION = YES;
				CLANG_WARN_INT_CONVERSION = YES;
				CLANG_WARN_OBJC_ROOT_CLASS = YES_ERROR;
				CLANG_WARN_UNREACHABLE_CODE = YES;
				CLANG_WARN__DUPLICATE_METHOD_MATCH = YES;
				"CODE_SIGN_IDENTITY[sdk=iphoneos*]" = "iPhone Developer";
				COPY_PHASE_STRIP = NO;
				DEBUG_INFORMATION_FORMAT = "dwarf-with-dsym";
				ENABLE_NS_ASSERTIONS = NO;
				ENABLE_STRICT_OBJC_MSGSEND = YES;
				GCC_C_LANGUAGE_STANDARD = gnu99;
				GCC_NO_COMMON_BLOCKS = YES;
				GCC_WARN_64_TO_32_BIT_CONVERSION = YES;
				GCC_WARN_ABOUT_RETURN_TYPE = YES_ERROR;
				GCC_WARN_UNDECLARED_SELECTOR = YES;
				GCC_WARN_UNINITIALIZED_AUTOS = YES_AGGRESSIVE;
				GCC_WARN_UNUSED_FUNCTION = YES;
				GCC_WARN_UNUSED_VARIABLE = YES;
				IPHONEOS_DEPLOYMENT_TARGET = 9.3;
				MTL_ENABLE_DEBUG_INFO = NO;
				SDKROOT = iphoneos;
				VALIDATE_PRODUCT = YES;
			};
			name = Release;
		};
		69BE8DE31CEA793600EDC44D /* Debug */ = {
			isa = XCBuildConfiguration;
			buildSettings = {
				ASSETCATALOG_COMPILER_APPICON_NAME = AppIcon;
				INFOPLIST_FILE = Musica/Info.plist;
				LD_RUNPATH_SEARCH_PATHS = "$(inherited) @executable_path/Frameworks";
				PRODUCT_BUNDLE_IDENTIFIER = com.jj.Musica;
				PRODUCT_NAME = "$(TARGET_NAME)";
			};
			name = Debug;
		};
		69BE8DE41CEA793600EDC44D /* Release */ = {
			isa = XCBuildConfiguration;
			buildSettings = {
				ASSETCATALOG_COMPILER_APPICON_NAME = AppIcon;
				INFOPLIST_FILE = Musica/Info.plist;
				LD_RUNPATH_SEARCH_PATHS = "$(inherited) @executable_path/Frameworks";
				PRODUCT_BUNDLE_IDENTIFIER = com.jj.Musica;
				PRODUCT_NAME = "$(TARGET_NAME)";
			};
			name = Release;
		};
/* End XCBuildConfiguration section */

/* Begin XCConfigurationList section */
		69BE8DCB1CEA793600EDC44D /* Build configuration list for PBXProject "Musica" */ = {
			isa = XCConfigurationList;
			buildConfigurations = (
				69BE8DE01CEA793600EDC44D /* Debug */,
				69BE8DE11CEA793600EDC44D /* Release */,
			);
			defaultConfigurationIsVisible = 0;
			defaultConfigurationName = Release;
		};
		69BE8DE21CEA793600EDC44D /* Build configuration list for PBXNativeTarget "Musica" */ = {
			isa = XCConfigurationList;
			buildConfigurations = (
				69BE8DE31CEA793600EDC44D /* Debug */,
				69BE8DE41CEA793600EDC44D /* Release */,
			);
			defaultConfigurationIsVisible = 0;
		};
/* End XCConfigurationList section */
	};
	rootObject = 69BE8DC81CEA793600EDC44D /* Project object */;
}
